
Microsoft Visual Studio Solution File, Format Version 12.00
# Visual Studio Version 16
VisualStudioVersion = 16.0.29613.14
MinimumVisualStudioVersion = 10.0.40219.1
Project("{FAE04EC0-301F-11D3-BF4B-00C04F79EFBC}") = "HospitalDal", "DataLib\HospitalDal.csproj", "{580C453B-2B6F-46A5-A0F2-451FFC00B1CF}"
EndProject
Project("{FAE04EC0-301F-11D3-BF4B-00C04F79EFBC}") = "HospitalBall", "HospitalBall\HospitalBall.csproj", "{4BA9411C-7EEB-4750-BA4C-7F8D98B7877F}"
EndProject
Project("{FAE04EC0-301F-11D3-BF4B-00C04F79EFBC}") = "SampleWinApp", "SampleWinApp\SampleWinApp.csproj", "{A1BE4A12-2939-4FA1-9747-FDB3F5D35E18}"
EndProject
Project("{FAE04EC0-301F-11D3-BF4B-00C04F79EFBC}") = "HospitalMVC", "HospitalMVC\HospitalMVC.csproj", "{9057F63A-A539-4DB8-ADE2-15B59FA43C89}"
EndProject
Global
	GlobalSection(SolutionConfigurationPlatforms) = preSolution
		Debug|Any CPU = Debug|Any CPU
		Release|Any CPU = Release|Any CPU
	EndGlobalSection
	GlobalSection(ProjectConfigurationPlatforms) = postSolution
		{580C453B-2B6F-46A5-A0F2-451FFC00B1CF}.Debug|Any CPU.ActiveCfg = Debug|Any CPU
		{580C453B-2B6F-46A5-A0F2-451FFC00B1CF}.Debug|Any CPU.Build.0 = Debug|Any CPU
		{580C453B-2B6F-46A5-A0F2-451FFC00B1CF}.Release|Any CPU.ActiveCfg = Release|Any CPU
		{580C453B-2B6F-46A5-A0F2-451FFC00B1CF}.Release|Any CPU.Build.0 = Release|Any CPU
		{4BA9411C-7EEB-4750-BA4C-7F8D98B7877F}.Debug|Any CPU.ActiveCfg = Debug|Any CPU
		{4BA9411C-7EEB-4750-BA4C-7F8D98B7877F}.Debug|Any CPU.Build.0 = Debug|Any CPU
		{4BA9411C-7EEB-4750-BA4C-7F8D98B7877F}.Release|Any CPU.ActiveCfg = Release|Any CPU
		{4BA9411C-7EEB-4750-BA4C-7F8D98B7877F}.Release|Any CPU.Build.0 = Release|Any CPU
		{A1BE4A12-2939-4FA1-9747-FDB3F5D35E18}.Debug|Any CPU.ActiveCfg = Debug|Any CPU
		{A1BE4A12-2939-4FA1-9747-FDB3F5D35E18}.Debug|Any CPU.Build.0 = Debug|Any CPU
		{A1BE4A12-2939-4FA1-9747-FDB3F5D35E18}.Release|Any CPU.ActiveCfg = Release|Any CPU
		{A1BE4A12-2939-4FA1-9747-FDB3F5D35E18}.Release|Any CPU.Build.0 = Release|Any CPU
		{9057F63A-A539-4DB8-ADE2-15B59FA43C89}.Debug|Any CPU.ActiveCfg = Debug|Any CPU
		{9057F63A-A539-4DB8-ADE2-15B59FA43C89}.Debug|Any CPU.Build.0 = Debug|Any CPU
		{9057F63A-A539-4DB8-ADE2-15B59FA43C89}.Release|Any CPU.ActiveCfg = Release|Any CPU
		{9057F63A-A539-4DB8-ADE2-15B59FA43C89}.Release|Any CPU.Build.0 = Release|Any CPU
	EndGlobalSection
	GlobalSection(SolutionProperties) = preSolution
		HideSolutionNode = FALSE
	EndGlobalSection
	GlobalSection(ExtensibilityGlobals) = postSolution
		SolutionGuid = {0804E1BE-53F4-4BF1-B9CA-D7B0302C0932}
	EndGlobalSection
EndGlobal
